// !$*UTF8*$!
{
	archiveVersion = 1;
	classes = {
	};
	objectVersion = 48;
	objects = {

/* Begin PBXBuildFile section */
		49BA78C420163EE3DDC041E9 /* Pods_Tailgate.framework in Frameworks */ = {isa = PBXBuildFile; fileRef = 410830783C54B0E57F8DD1DD /* Pods_Tailgate.framework */; };
		B10E9E6B1FDCB6A200DB4751 /* AppDelegate.swift in Sources */ = {isa = PBXBuildFile; fileRef = B10E9E6A1FDCB6A200DB4751 /* AppDelegate.swift */; };
		B10E9E6D1FDCB6A200DB4751 /* LoginViewController.swift in Sources */ = {isa = PBXBuildFile; fileRef = B10E9E6C1FDCB6A200DB4751 /* LoginViewController.swift */; };
		B10E9E701FDCB6A200DB4751 /* Main.storyboard in Resources */ = {isa = PBXBuildFile; fileRef = B10E9E6E1FDCB6A200DB4751 /* Main.storyboard */; };
		B10E9E721FDCB6A200DB4751 /* Assets.xcassets in Resources */ = {isa = PBXBuildFile; fileRef = B10E9E711FDCB6A200DB4751 /* Assets.xcassets */; };
		B10E9E751FDCB6A200DB4751 /* LaunchScreen.storyboard in Resources */ = {isa = PBXBuildFile; fileRef = B10E9E731FDCB6A200DB4751 /* LaunchScreen.storyboard */; };
		B10E9E7D1FDCB76900DB4751 /* GoogleService-Info.plist in Resources */ = {isa = PBXBuildFile; fileRef = B10E9E7C1FDCB76900DB4751 /* GoogleService-Info.plist */; };
		B10E9E7F1FDCB91A00DB4751 /* MapViewController.swift in Sources */ = {isa = PBXBuildFile; fileRef = B10E9E7E1FDCB91A00DB4751 /* MapViewController.swift */; };
		B10E9E811FDCBA6100DB4751 /* TailgateAnnotation.swift in Sources */ = {isa = PBXBuildFile; fileRef = B10E9E801FDCBA6100DB4751 /* TailgateAnnotation.swift */; };
		B10E9E9F1FDCC78C00DB4751 /* TailgateAnnotationView.swift in Sources */ = {isa = PBXBuildFile; fileRef = B10E9E9E1FDCC78C00DB4751 /* TailgateAnnotationView.swift */; };
		B10E9EA11FDCE4D600DB4751 /* TailgateAnnotationARView.swift in Sources */ = {isa = PBXBuildFile; fileRef = B10E9EA01FDCE4D600DB4751 /* TailgateAnnotationARView.swift */; };
		B10E9EA31FDCE6C300DB4751 /* TailgateAnnotationAR.swift in Sources */ = {isa = PBXBuildFile; fileRef = B10E9EA21FDCE6C300DB4751 /* TailgateAnnotationAR.swift */; };
		B13B81331FE5F25F008F3A38 /* CreateTailgateNameViewController.swift in Sources */ = {isa = PBXBuildFile; fileRef = B13B81321FE5F25F008F3A38 /* CreateTailgateNameViewController.swift */; };
		B13B81351FE5FA6B008F3A38 /* CreateTailgateAccessibilityViewController.swift in Sources */ = {isa = PBXBuildFile; fileRef = B13B81341FE5FA6B008F3A38 /* CreateTailgateAccessibilityViewController.swift */; };
		B13B81371FE60086008F3A38 /* CreateTailgateDateViewController.swift in Sources */ = {isa = PBXBuildFile; fileRef = B13B81361FE60086008F3A38 /* CreateTailgateDateViewController.swift */; };
		B13B81391FE60829008F3A38 /* CreateTailgateFoodViewController.swift in Sources */ = {isa = PBXBuildFile; fileRef = B13B81381FE60829008F3A38 /* CreateTailgateFoodViewController.swift */; };
		B13B813B1FE609F7008F3A38 /* CreateTailgateDrinkViewController.swift in Sources */ = {isa = PBXBuildFile; fileRef = B13B813A1FE609F7008F3A38 /* CreateTailgateDrinkViewController.swift */; };
		B13B813D1FE61263008F3A38 /* CreateTailgateSchoolViewController.swift in Sources */ = {isa = PBXBuildFile; fileRef = B13B813C1FE61263008F3A38 /* CreateTailgateSchoolViewController.swift */; };
		B13B81401FE6ECD4008F3A38 /* SchoolTableViewCell.swift in Sources */ = {isa = PBXBuildFile; fileRef = B13B813F1FE6ECD4008F3A38 /* SchoolTableViewCell.swift */; };
		B13B81421FE6F1B6008F3A38 /* School.swift in Sources */ = {isa = PBXBuildFile; fileRef = B13B81411FE6F1B6008F3A38 /* School.swift */; };
		B13B81441FE9FB29008F3A38 /* FoodTableViewCell.swift in Sources */ = {isa = PBXBuildFile; fileRef = B13B81431FE9FB29008F3A38 /* FoodTableViewCell.swift */; };
		B13B81461FE9FB3A008F3A38 /* DrinkTableViewCell.swift in Sources */ = {isa = PBXBuildFile; fileRef = B13B81451FE9FB3A008F3A38 /* DrinkTableViewCell.swift */; };
		B13B81481FEA0125008F3A38 /* CreateTailgateInvitesViewController.swift in Sources */ = {isa = PBXBuildFile; fileRef = B13B81471FEA0125008F3A38 /* CreateTailgateInvitesViewController.swift */; };
		B13B814A1FEA0446008F3A38 /* UserTableViewCell.swift in Sources */ = {isa = PBXBuildFile; fileRef = B13B81491FEA0446008F3A38 /* UserTableViewCell.swift */; };
		B154B1F4201D7BFE005DDC8A /* InvitesViewController.swift in Sources */ = {isa = PBXBuildFile; fileRef = B154B1F3201D7BFE005DDC8A /* InvitesViewController.swift */; };
		B16BC4D21FEECA290087C2F1 /* Tailgate.swift in Sources */ = {isa = PBXBuildFile; fileRef = B16BC4D11FEECA290087C2F1 /* Tailgate.swift */; };
		B1BBF2E31FEEBC98007B1ACF /* Drink.swift in Sources */ = {isa = PBXBuildFile; fileRef = B1BBF2E21FEEBC98007B1ACF /* Drink.swift */; };
		B1BBF2E51FEEBCA4007B1ACF /* Food.swift in Sources */ = {isa = PBXBuildFile; fileRef = B1BBF2E41FEEBCA4007B1ACF /* Food.swift */; };
		B1BC52CB1FE015D000BCBAE8 /* TailgateViewController.swift in Sources */ = {isa = PBXBuildFile; fileRef = B1BC52CA1FE015D000BCBAE8 /* TailgateViewController.swift */; };
		B1BC52CD1FE09A0400BCBAE8 /* TailgatePhotoCell.swift in Sources */ = {isa = PBXBuildFile; fileRef = B1BC52CC1FE09A0400BCBAE8 /* TailgatePhotoCell.swift */; };
		B1BC52CF1FE0C12700BCBAE8 /* DatabaseHelper.swift in Sources */ = {isa = PBXBuildFile; fileRef = B1BC52CE1FE0C12700BCBAE8 /* DatabaseHelper.swift */; };
		B1DD1CD22039ED6600291EAE /* CreateTailgateFlairViewController.swift in Sources */ = {isa = PBXBuildFile; fileRef = B1DD1CD12039ED6600291EAE /* CreateTailgateFlairViewController.swift */; };
		B1DD1CD42039EF7700291EAE /* FlairPhotoCell.swift in Sources */ = {isa = PBXBuildFile; fileRef = B1DD1CD32039EF7700291EAE /* FlairPhotoCell.swift */; };
		B1E83BD71FDCFBE200185E17 /* ProfileViewController.swift in Sources */ = {isa = PBXBuildFile; fileRef = B1E83BD61FDCFBE200185E17 /* ProfileViewController.swift */; };
		B1E83BD91FDCFC5600185E17 /* NewTailgateViewController.swift in Sources */ = {isa = PBXBuildFile; fileRef = B1E83BD81FDCFC5600185E17 /* NewTailgateViewController.swift */; };
		B1E83BDB1FDD6C9900185E17 /* SignUpNameViewController.swift in Sources */ = {isa = PBXBuildFile; fileRef = B1E83BDA1FDD6C9900185E17 /* SignUpNameViewController.swift */; };
		B1E83BDE1FDD74B400185E17 /* SignUpEmailViewController.swift in Sources */ = {isa = PBXBuildFile; fileRef = B1E83BDD1FDD74B400185E17 /* SignUpEmailViewController.swift */; };
		B1E83BE01FDD795000185E17 /* SignUpPasswordViewController.swift in Sources */ = {isa = PBXBuildFile; fileRef = B1E83BDF1FDD795000185E17 /* SignUpPasswordViewController.swift */; };
		B1E83BE41FDD857A00185E17 /* TopDownSegue.swift in Sources */ = {isa = PBXBuildFile; fileRef = B1E83BE31FDD857A00185E17 /* TopDownSegue.swift */; };
		B1E83BE61FDD890500185E17 /* User.swift in Sources */ = {isa = PBXBuildFile; fileRef = B1E83BE51FDD890500185E17 /* User.swift */; };
		B1E83BEA1FDDBF6100185E17 /* RightLeftSegue.swift in Sources */ = {isa = PBXBuildFile; fileRef = B1E83BE91FDDBF6100185E17 /* RightLeftSegue.swift */; };
		B1E83BEC1FDE286B00185E17 /* HomeViewController.swift in Sources */ = {isa = PBXBuildFile; fileRef = B1E83BEB1FDE286B00185E17 /* HomeViewController.swift */; };
/* End PBXBuildFile section */

/* Begin PBXFileReference section */
		3AE3B1693BC377D8745FDBA2 /* Pods-Tailgate.debug.xcconfig */ = {isa = PBXFileReference; includeInIndex = 1; lastKnownFileType = text.xcconfig; name = "Pods-Tailgate.debug.xcconfig"; path = "Pods/Target Support Files/Pods-Tailgate/Pods-Tailgate.debug.xcconfig"; sourceTree = "<group>"; };
		410830783C54B0E57F8DD1DD /* Pods_Tailgate.framework */ = {isa = PBXFileReference; explicitFileType = wrapper.framework; includeInIndex = 0; path = Pods_Tailgate.framework; sourceTree = BUILT_PRODUCTS_DIR; };
		A49879F753DFD1B6BC81285F /* Pods-Tailgate.release.xcconfig */ = {isa = PBXFileReference; includeInIndex = 1; lastKnownFileType = text.xcconfig; name = "Pods-Tailgate.release.xcconfig"; path = "Pods/Target Support Files/Pods-Tailgate/Pods-Tailgate.release.xcconfig"; sourceTree = "<group>"; };
		B10E9E671FDCB6A200DB4751 /* Tailgate.app */ = {isa = PBXFileReference; explicitFileType = wrapper.application; includeInIndex = 0; path = Tailgate.app; sourceTree = BUILT_PRODUCTS_DIR; };
		B10E9E6A1FDCB6A200DB4751 /* AppDelegate.swift */ = {isa = PBXFileReference; lastKnownFileType = sourcecode.swift; path = AppDelegate.swift; sourceTree = "<group>"; };
		B10E9E6C1FDCB6A200DB4751 /* LoginViewController.swift */ = {isa = PBXFileReference; lastKnownFileType = sourcecode.swift; path = LoginViewController.swift; sourceTree = "<group>"; };
		B10E9E6F1FDCB6A200DB4751 /* Base */ = {isa = PBXFileReference; lastKnownFileType = file.storyboard; name = Base; path = Base.lproj/Main.storyboard; sourceTree = "<group>"; };
		B10E9E711FDCB6A200DB4751 /* Assets.xcassets */ = {isa = PBXFileReference; lastKnownFileType = folder.assetcatalog; path = Assets.xcassets; sourceTree = "<group>"; };
		B10E9E741FDCB6A200DB4751 /* Base */ = {isa = PBXFileReference; lastKnownFileType = file.storyboard; name = Base; path = Base.lproj/LaunchScreen.storyboard; sourceTree = "<group>"; };
		B10E9E761FDCB6A200DB4751 /* Info.plist */ = {isa = PBXFileReference; lastKnownFileType = text.plist.xml; path = Info.plist; sourceTree = "<group>"; };
		B10E9E7C1FDCB76900DB4751 /* GoogleService-Info.plist */ = {isa = PBXFileReference; fileEncoding = 4; lastKnownFileType = text.plist.xml; path = "GoogleService-Info.plist"; sourceTree = "<group>"; };
		B10E9E7E1FDCB91A00DB4751 /* MapViewController.swift */ = {isa = PBXFileReference; lastKnownFileType = sourcecode.swift; path = MapViewController.swift; sourceTree = "<group>"; };
		B10E9E801FDCBA6100DB4751 /* TailgateAnnotation.swift */ = {isa = PBXFileReference; lastKnownFileType = sourcecode.swift; path = TailgateAnnotation.swift; sourceTree = "<group>"; };
		B10E9E9E1FDCC78C00DB4751 /* TailgateAnnotationView.swift */ = {isa = PBXFileReference; lastKnownFileType = sourcecode.swift; path = TailgateAnnotationView.swift; sourceTree = "<group>"; };
		B10E9EA01FDCE4D600DB4751 /* TailgateAnnotationARView.swift */ = {isa = PBXFileReference; lastKnownFileType = sourcecode.swift; path = TailgateAnnotationARView.swift; sourceTree = "<group>"; };
		B10E9EA21FDCE6C300DB4751 /* TailgateAnnotationAR.swift */ = {isa = PBXFileReference; lastKnownFileType = sourcecode.swift; path = TailgateAnnotationAR.swift; sourceTree = "<group>"; };
		B13B81321FE5F25F008F3A38 /* CreateTailgateNameViewController.swift */ = {isa = PBXFileReference; lastKnownFileType = sourcecode.swift; path = CreateTailgateNameViewController.swift; sourceTree = "<group>"; };
		B13B81341FE5FA6B008F3A38 /* CreateTailgateAccessibilityViewController.swift */ = {isa = PBXFileReference; lastKnownFileType = sourcecode.swift; path = CreateTailgateAccessibilityViewController.swift; sourceTree = "<group>"; };
		B13B81361FE60086008F3A38 /* CreateTailgateDateViewController.swift */ = {isa = PBXFileReference; lastKnownFileType = sourcecode.swift; path = CreateTailgateDateViewController.swift; sourceTree = "<group>"; };
		B13B81381FE60829008F3A38 /* CreateTailgateFoodViewController.swift */ = {isa = PBXFileReference; lastKnownFileType = sourcecode.swift; path = CreateTailgateFoodViewController.swift; sourceTree = "<group>"; };
		B13B813A1FE609F7008F3A38 /* CreateTailgateDrinkViewController.swift */ = {isa = PBXFileReference; lastKnownFileType = sourcecode.swift; path = CreateTailgateDrinkViewController.swift; sourceTree = "<group>"; };
		B13B813C1FE61263008F3A38 /* CreateTailgateSchoolViewController.swift */ = {isa = PBXFileReference; lastKnownFileType = sourcecode.swift; path = CreateTailgateSchoolViewController.swift; sourceTree = "<group>"; };
		B13B813F1FE6ECD4008F3A38 /* SchoolTableViewCell.swift */ = {isa = PBXFileReference; lastKnownFileType = sourcecode.swift; path = SchoolTableViewCell.swift; sourceTree = "<group>"; };
		B13B81411FE6F1B6008F3A38 /* School.swift */ = {isa = PBXFileReference; lastKnownFileType = sourcecode.swift; path = School.swift; sourceTree = "<group>"; };
		B13B81431FE9FB29008F3A38 /* FoodTableViewCell.swift */ = {isa = PBXFileReference; lastKnownFileType = sourcecode.swift; path = FoodTableViewCell.swift; sourceTree = "<group>"; };
		B13B81451FE9FB3A008F3A38 /* DrinkTableViewCell.swift */ = {isa = PBXFileReference; lastKnownFileType = sourcecode.swift; path = DrinkTableViewCell.swift; sourceTree = "<group>"; };
		B13B81471FEA0125008F3A38 /* CreateTailgateInvitesViewController.swift */ = {isa = PBXFileReference; lastKnownFileType = sourcecode.swift; path = CreateTailgateInvitesViewController.swift; sourceTree = "<group>"; };
		B13B81491FEA0446008F3A38 /* UserTableViewCell.swift */ = {isa = PBXFileReference; lastKnownFileType = sourcecode.swift; path = UserTableViewCell.swift; sourceTree = "<group>"; };
		B154B1F3201D7BFE005DDC8A /* InvitesViewController.swift */ = {isa = PBXFileReference; lastKnownFileType = sourcecode.swift; path = InvitesViewController.swift; sourceTree = "<group>"; };
		B16BC4D11FEECA290087C2F1 /* Tailgate.swift */ = {isa = PBXFileReference; lastKnownFileType = sourcecode.swift; path = Tailgate.swift; sourceTree = "<group>"; };
		B1BBF2E21FEEBC98007B1ACF /* Drink.swift */ = {isa = PBXFileReference; lastKnownFileType = sourcecode.swift; path = Drink.swift; sourceTree = "<group>"; };
		B1BBF2E41FEEBCA4007B1ACF /* Food.swift */ = {isa = PBXFileReference; lastKnownFileType = sourcecode.swift; path = Food.swift; sourceTree = "<group>"; };
		B1BC52CA1FE015D000BCBAE8 /* TailgateViewController.swift */ = {isa = PBXFileReference; lastKnownFileType = sourcecode.swift; path = TailgateViewController.swift; sourceTree = "<group>"; };
		B1BC52CC1FE09A0400BCBAE8 /* TailgatePhotoCell.swift */ = {isa = PBXFileReference; lastKnownFileType = sourcecode.swift; path = TailgatePhotoCell.swift; sourceTree = "<group>"; };
		B1BC52CE1FE0C12700BCBAE8 /* DatabaseHelper.swift */ = {isa = PBXFileReference; fileEncoding = 4; lastKnownFileType = sourcecode.swift; path = DatabaseHelper.swift; sourceTree = "<group>"; };
		B1DD1CD12039ED6600291EAE /* CreateTailgateFlairViewController.swift */ = {isa = PBXFileReference; lastKnownFileType = sourcecode.swift; path = CreateTailgateFlairViewController.swift; sourceTree = "<group>"; };
		B1DD1CD32039EF7700291EAE /* FlairPhotoCell.swift */ = {isa = PBXFileReference; lastKnownFileType = sourcecode.swift; path = FlairPhotoCell.swift; sourceTree = "<group>"; };
		B1E83BD61FDCFBE200185E17 /* ProfileViewController.swift */ = {isa = PBXFileReference; lastKnownFileType = sourcecode.swift; path = ProfileViewController.swift; sourceTree = "<group>"; };
		B1E83BD81FDCFC5600185E17 /* NewTailgateViewController.swift */ = {isa = PBXFileReference; lastKnownFileType = sourcecode.swift; path = NewTailgateViewController.swift; sourceTree = "<group>"; };
		B1E83BDA1FDD6C9900185E17 /* SignUpNameViewController.swift */ = {isa = PBXFileReference; lastKnownFileType = sourcecode.swift; path = SignUpNameViewController.swift; sourceTree = "<group>"; };
		B1E83BDD1FDD74B400185E17 /* SignUpEmailViewController.swift */ = {isa = PBXFileReference; lastKnownFileType = sourcecode.swift; path = SignUpEmailViewController.swift; sourceTree = "<group>"; };
		B1E83BDF1FDD795000185E17 /* SignUpPasswordViewController.swift */ = {isa = PBXFileReference; lastKnownFileType = sourcecode.swift; path = SignUpPasswordViewController.swift; sourceTree = "<group>"; };
		B1E83BE31FDD857A00185E17 /* TopDownSegue.swift */ = {isa = PBXFileReference; lastKnownFileType = sourcecode.swift; path = TopDownSegue.swift; sourceTree = "<group>"; };
		B1E83BE51FDD890500185E17 /* User.swift */ = {isa = PBXFileReference; lastKnownFileType = sourcecode.swift; path = User.swift; sourceTree = "<group>"; };
		B1E83BE91FDDBF6100185E17 /* RightLeftSegue.swift */ = {isa = PBXFileReference; lastKnownFileType = sourcecode.swift; path = RightLeftSegue.swift; sourceTree = "<group>"; };
		B1E83BEB1FDE286B00185E17 /* HomeViewController.swift */ = {isa = PBXFileReference; lastKnownFileType = sourcecode.swift; path = HomeViewController.swift; sourceTree = "<group>"; };
/* End PBXFileReference section */

/* Begin PBXFrameworksBuildPhase section */
		B10E9E641FDCB6A200DB4751 /* Frameworks */ = {
			isa = PBXFrameworksBuildPhase;
			buildActionMask = 2147483647;
			files = (
				49BA78C420163EE3DDC041E9 /* Pods_Tailgate.framework in Frameworks */,
			);
			runOnlyForDeploymentPostprocessing = 0;
		};
/* End PBXFrameworksBuildPhase section */

/* Begin PBXGroup section */
		B10E9E5E1FDCB6A200DB4751 = {
			isa = PBXGroup;
			children = (
				B10E9E691FDCB6A200DB4751 /* Tailgate */,
				B10E9E681FDCB6A200DB4751 /* Products */,
				B35A248CDA90288FA61D2FFC /* Pods */,
				C4A653074DD7537DA2A99FDB /* Frameworks */,
			);
			sourceTree = "<group>";
		};
		B10E9E681FDCB6A200DB4751 /* Products */ = {
			isa = PBXGroup;
			children = (
				B10E9E671FDCB6A200DB4751 /* Tailgate.app */,
			);
			name = Products;
			sourceTree = "<group>";
		};
		B10E9E691FDCB6A200DB4751 /* Tailgate */ = {
			isa = PBXGroup;
			children = (
				B10E9E9B1FDCC20200DB4751 /* Model */,
				B10E9E9D1FDCC25400DB4751 /* Controller */,
				B10E9E9E1FDCC78C00DB4751 /* TailgateAnnotationView.swift */,
				B10E9EA01FDCE4D600DB4751 /* TailgateAnnotationARView.swift */,
				B10E9E731FDCB6A200DB4751 /* LaunchScreen.storyboard */,
				B10E9E6E1FDCB6A200DB4751 /* Main.storyboard */,
				B10E9E711FDCB6A200DB4751 /* Assets.xcassets */,
				B10E9E9C1FDCC22900DB4751 /* Other */,
				B10E9E9A1FDCC1DD00DB4751 /* Supporting Files */,
			);
			path = Tailgate;
			sourceTree = "<group>";
		};
		B10E9E9A1FDCC1DD00DB4751 /* Supporting Files */ = {
			isa = PBXGroup;
			children = (
				B10E9E761FDCB6A200DB4751 /* Info.plist */,
				B10E9E7C1FDCB76900DB4751 /* GoogleService-Info.plist */,
			);
			path = "Supporting Files";
			sourceTree = "<group>";
		};
		B10E9E9B1FDCC20200DB4751 /* Model */ = {
			isa = PBXGroup;
			children = (
				B1E83BE51FDD890500185E17 /* User.swift */,
				B13B81411FE6F1B6008F3A38 /* School.swift */,
				B16BC4D11FEECA290087C2F1 /* Tailgate.swift */,
				B10E9E801FDCBA6100DB4751 /* TailgateAnnotation.swift */,
				B10E9EA21FDCE6C300DB4751 /* TailgateAnnotationAR.swift */,
				B1BBF2E21FEEBC98007B1ACF /* Drink.swift */,
				B1BBF2E41FEEBCA4007B1ACF /* Food.swift */,
			);
			path = Model;
			sourceTree = "<group>";
		};
		B10E9E9C1FDCC22900DB4751 /* Other */ = {
			isa = PBXGroup;
			children = (
				B1E83BE91FDDBF6100185E17 /* RightLeftSegue.swift */,
				B1BC52CE1FE0C12700BCBAE8 /* DatabaseHelper.swift */,
				B1E83BE31FDD857A00185E17 /* TopDownSegue.swift */,
				B10E9E6A1FDCB6A200DB4751 /* AppDelegate.swift */,
			);
			path = Other;
			sourceTree = "<group>";
		};
		B10E9E9D1FDCC25400DB4751 /* Controller */ = {
			isa = PBXGroup;
			children = (
				B154B1F3201D7BFE005DDC8A /* InvitesViewController.swift */,
				B1E83BEB1FDE286B00185E17 /* HomeViewController.swift */,
				B1BC52CA1FE015D000BCBAE8 /* TailgateViewController.swift */,
				B1E83BD61FDCFBE200185E17 /* ProfileViewController.swift */,
				B1BC52CC1FE09A0400BCBAE8 /* TailgatePhotoCell.swift */,
				B1DD1CD32039EF7700291EAE /* FlairPhotoCell.swift */,
				B10E9E6C1FDCB6A200DB4751 /* LoginViewController.swift */,
				B10E9E7E1FDCB91A00DB4751 /* MapViewController.swift */,
				B13B81311FE5F1DC008F3A38 /* CreateTailgateControllers */,
				B1E83BDC1FDD712C00185E17 /* SignUpControllers */,
			);
			path = Controller;
			sourceTree = "<group>";
		};
		B13B81311FE5F1DC008F3A38 /* CreateTailgateControllers */ = {
			isa = PBXGroup;
			children = (
				B1DD1CD12039ED6600291EAE /* CreateTailgateFlairViewController.swift */,
				B13B81471FEA0125008F3A38 /* CreateTailgateInvitesViewController.swift */,
				B13B813C1FE61263008F3A38 /* CreateTailgateSchoolViewController.swift */,
				B13B813A1FE609F7008F3A38 /* CreateTailgateDrinkViewController.swift */,
				B13B81381FE60829008F3A38 /* CreateTailgateFoodViewController.swift */,
				B13B81361FE60086008F3A38 /* CreateTailgateDateViewController.swift */,
				B13B81341FE5FA6B008F3A38 /* CreateTailgateAccessibilityViewController.swift */,
				B13B81321FE5F25F008F3A38 /* CreateTailgateNameViewController.swift */,
				B1E83BD81FDCFC5600185E17 /* NewTailgateViewController.swift */,
				B13B813E1FE6EC91008F3A38 /* TableCells */,
			);
			path = CreateTailgateControllers;
			sourceTree = "<group>";
		};
		B13B813E1FE6EC91008F3A38 /* TableCells */ = {
			isa = PBXGroup;
			children = (
				B13B81491FEA0446008F3A38 /* UserTableViewCell.swift */,
				B13B81431FE9FB29008F3A38 /* FoodTableViewCell.swift */,
				B13B81451FE9FB3A008F3A38 /* DrinkTableViewCell.swift */,
				B13B813F1FE6ECD4008F3A38 /* SchoolTableViewCell.swift */,
			);
			path = TableCells;
			sourceTree = "<group>";
		};
		B1E83BDC1FDD712C00185E17 /* SignUpControllers */ = {
			isa = PBXGroup;
			children = (
				B1E83BDA1FDD6C9900185E17 /* SignUpNameViewController.swift */,
				B1E83BDD1FDD74B400185E17 /* SignUpEmailViewController.swift */,
				B1E83BDF1FDD795000185E17 /* SignUpPasswordViewController.swift */,
			);
			path = SignUpControllers;
			sourceTree = "<group>";
		};
		B35A248CDA90288FA61D2FFC /* Pods */ = {
			isa = PBXGroup;
			children = (
				3AE3B1693BC377D8745FDBA2 /* Pods-Tailgate.debug.xcconfig */,
				A49879F753DFD1B6BC81285F /* Pods-Tailgate.release.xcconfig */,
			);
			name = Pods;
			sourceTree = "<group>";
		};
		C4A653074DD7537DA2A99FDB /* Frameworks */ = {
			isa = PBXGroup;
			children = (
				410830783C54B0E57F8DD1DD /* Pods_Tailgate.framework */,
			);
			name = Frameworks;
			sourceTree = "<group>";
		};
/* End PBXGroup section */

/* Begin PBXNativeTarget section */
		B10E9E661FDCB6A200DB4751 /* Tailgate */ = {
			isa = PBXNativeTarget;
			buildConfigurationList = B10E9E791FDCB6A200DB4751 /* Build configuration list for PBXNativeTarget "Tailgate" */;
			buildPhases = (
				088B9970E24A658D8A877E45 /* [CP] Check Pods Manifest.lock */,
				B10E9E631FDCB6A200DB4751 /* Sources */,
				B10E9E641FDCB6A200DB4751 /* Frameworks */,
				B10E9E651FDCB6A200DB4751 /* Resources */,
				F02A6E99B0BD6DCB999C9E7E /* [CP] Embed Pods Frameworks */,
				60910EFD716524CFCD15C5ED /* [CP] Copy Pods Resources */,
			);
			buildRules = (
			);
			dependencies = (
			);
			name = Tailgate;
			productName = Tailgate;
			productReference = B10E9E671FDCB6A200DB4751 /* Tailgate.app */;
			productType = "com.apple.product-type.application";
		};
/* End PBXNativeTarget section */

/* Begin PBXProject section */
		B10E9E5F1FDCB6A200DB4751 /* Project object */ = {
			isa = PBXProject;
			attributes = {
				LastSwiftUpdateCheck = 0920;
				LastUpgradeCheck = 0920;
				ORGANIZATIONNAME = "Michael Onjack";
				TargetAttributes = {
					B10E9E661FDCB6A200DB4751 = {
						CreatedOnToolsVersion = 9.2;
						LastSwiftMigration = 0920;
						ProvisioningStyle = Automatic;
					};
				};
			};
			buildConfigurationList = B10E9E621FDCB6A200DB4751 /* Build configuration list for PBXProject "Tailgate" */;
			compatibilityVersion = "Xcode 8.0";
			developmentRegion = en;
			hasScannedForEncodings = 0;
			knownRegions = (
				en,
				Base,
			);
			mainGroup = B10E9E5E1FDCB6A200DB4751;
			productRefGroup = B10E9E681FDCB6A200DB4751 /* Products */;
			projectDirPath = "";
			projectRoot = "";
			targets = (
				B10E9E661FDCB6A200DB4751 /* Tailgate */,
			);
		};
/* End PBXProject section */

/* Begin PBXResourcesBuildPhase section */
		B10E9E651FDCB6A200DB4751 /* Resources */ = {
			isa = PBXResourcesBuildPhase;
			buildActionMask = 2147483647;
			files = (
				B10E9E751FDCB6A200DB4751 /* LaunchScreen.storyboard in Resources */,
				B10E9E7D1FDCB76900DB4751 /* GoogleService-Info.plist in Resources */,
				B10E9E721FDCB6A200DB4751 /* Assets.xcassets in Resources */,
				B10E9E701FDCB6A200DB4751 /* Main.storyboard in Resources */,
			);
			runOnlyForDeploymentPostprocessing = 0;
		};
/* End PBXResourcesBuildPhase section */

/* Begin PBXShellScriptBuildPhase section */
		088B9970E24A658D8A877E45 /* [CP] Check Pods Manifest.lock */ = {
			isa = PBXShellScriptBuildPhase;
			buildActionMask = 2147483647;
			files = (
			);
			inputPaths = (
				"${PODS_PODFILE_DIR_PATH}/Podfile.lock",
				"${PODS_ROOT}/Manifest.lock",
			);
			name = "[CP] Check Pods Manifest.lock";
			outputPaths = (
				"$(DERIVED_FILE_DIR)/Pods-Tailgate-checkManifestLockResult.txt",
			);
			runOnlyForDeploymentPostprocessing = 0;
			shellPath = /bin/sh;
			shellScript = "diff \"${PODS_PODFILE_DIR_PATH}/Podfile.lock\" \"${PODS_ROOT}/Manifest.lock\" > /dev/null\nif [ $? != 0 ] ; then\n    # print error to STDERR\n    echo \"error: The sandbox is not in sync with the Podfile.lock. Run 'pod install' or update your CocoaPods installation.\" >&2\n    exit 1\nfi\n# This output is used by Xcode 'outputs' to avoid re-running this script phase.\necho \"SUCCESS\" > \"${SCRIPT_OUTPUT_FILE_0}\"\n";
			showEnvVarsInLog = 0;
		};
		60910EFD716524CFCD15C5ED /* [CP] Copy Pods Resources */ = {
			isa = PBXShellScriptBuildPhase;
			buildActionMask = 2147483647;
			files = (
			);
			inputPaths = (
			);
			name = "[CP] Copy Pods Resources";
			outputPaths = (
			);
			runOnlyForDeploymentPostprocessing = 0;
			shellPath = /bin/sh;
			shellScript = "\"${SRCROOT}/Pods/Target Support Files/Pods-Tailgate/Pods-Tailgate-resources.sh\"\n";
			showEnvVarsInLog = 0;
		};
		F02A6E99B0BD6DCB999C9E7E /* [CP] Embed Pods Frameworks */ = {
			isa = PBXShellScriptBuildPhase;
			buildActionMask = 2147483647;
			files = (
			);
			inputPaths = (
				"${SRCROOT}/Pods/Target Support Files/Pods-Tailgate/Pods-Tailgate-frameworks.sh",
				"${BUILT_PRODUCTS_DIR}/GTMSessionFetcher/GTMSessionFetcher.framework",
				"${BUILT_PRODUCTS_DIR}/GoogleToolboxForMac/GoogleToolboxForMac.framework",
				"${BUILT_PRODUCTS_DIR}/HDAugmentedReality/HDAugmentedReality.framework",
				"${BUILT_PRODUCTS_DIR}/IQKeyboardManagerSwift/IQKeyboardManagerSwift.framework",
				"${BUILT_PRODUCTS_DIR}/SDWebImage/SDWebImage.framework",
				"${BUILT_PRODUCTS_DIR}/SteviaLayout/Stevia.framework",
				"${BUILT_PRODUCTS_DIR}/SwipeNavigationController/SwipeNavigationController.framework",
				"${BUILT_PRODUCTS_DIR}/YPImagePicker/YPImagePicker.framework",
				"${BUILT_PRODUCTS_DIR}/leveldb-library/leveldb.framework",
				"${BUILT_PRODUCTS_DIR}/nanopb/nanopb.framework",
			);
			name = "[CP] Embed Pods Frameworks";
			outputPaths = (
				"${TARGET_BUILD_DIR}/${FRAMEWORKS_FOLDER_PATH}/GTMSessionFetcher.framework",
				"${TARGET_BUILD_DIR}/${FRAMEWORKS_FOLDER_PATH}/GoogleToolboxForMac.framework",
				"${TARGET_BUILD_DIR}/${FRAMEWORKS_FOLDER_PATH}/HDAugmentedReality.framework",
				"${TARGET_BUILD_DIR}/${FRAMEWORKS_FOLDER_PATH}/IQKeyboardManagerSwift.framework",
				"${TARGET_BUILD_DIR}/${FRAMEWORKS_FOLDER_PATH}/SDWebImage.framework",
				"${TARGET_BUILD_DIR}/${FRAMEWORKS_FOLDER_PATH}/Stevia.framework",
				"${TARGET_BUILD_DIR}/${FRAMEWORKS_FOLDER_PATH}/SwipeNavigationController.framework",
				"${TARGET_BUILD_DIR}/${FRAMEWORKS_FOLDER_PATH}/YPImagePicker.framework",
				"${TARGET_BUILD_DIR}/${FRAMEWORKS_FOLDER_PATH}/leveldb.framework",
				"${TARGET_BUILD_DIR}/${FRAMEWORKS_FOLDER_PATH}/nanopb.framework",
			);
			runOnlyForDeploymentPostprocessing = 0;
			shellPath = /bin/sh;
			shellScript = "\"${SRCROOT}/Pods/Target Support Files/Pods-Tailgate/Pods-Tailgate-frameworks.sh\"\n";
			showEnvVarsInLog = 0;
		};
/* End PBXShellScriptBuildPhase section */

/* Begin PBXSourcesBuildPhase section */
		B10E9E631FDCB6A200DB4751 /* Sources */ = {
			isa = PBXSourcesBuildPhase;
			buildActionMask = 2147483647;
			files = (
				B1E83BD91FDCFC5600185E17 /* NewTailgateViewController.swift in Sources */,
				B13B81351FE5FA6B008F3A38 /* CreateTailgateAccessibilityViewController.swift in Sources */,
				B13B81461FE9FB3A008F3A38 /* DrinkTableViewCell.swift in Sources */,
				B1E83BEA1FDDBF6100185E17 /* RightLeftSegue.swift in Sources */,
				B1E83BEC1FDE286B00185E17 /* HomeViewController.swift in Sources */,
				B1BC52CD1FE09A0400BCBAE8 /* TailgatePhotoCell.swift in Sources */,
				B10E9E9F1FDCC78C00DB4751 /* TailgateAnnotationView.swift in Sources */,
				B10E9EA31FDCE6C300DB4751 /* TailgateAnnotationAR.swift in Sources */,
				B13B81371FE60086008F3A38 /* CreateTailgateDateViewController.swift in Sources */,
				B13B813D1FE61263008F3A38 /* CreateTailgateSchoolViewController.swift in Sources */,
				B13B81481FEA0125008F3A38 /* CreateTailgateInvitesViewController.swift in Sources */,
				B1BBF2E51FEEBCA4007B1ACF /* Food.swift in Sources */,
				B13B813B1FE609F7008F3A38 /* CreateTailgateDrinkViewController.swift in Sources */,
				B10E9EA11FDCE4D600DB4751 /* TailgateAnnotationARView.swift in Sources */,
				B1E83BE41FDD857A00185E17 /* TopDownSegue.swift in Sources */,
				B1DD1CD42039EF7700291EAE /* FlairPhotoCell.swift in Sources */,
				B13B814A1FEA0446008F3A38 /* UserTableViewCell.swift in Sources */,
				B1BC52CF1FE0C12700BCBAE8 /* DatabaseHelper.swift in Sources */,
				B1E83BDB1FDD6C9900185E17 /* SignUpNameViewController.swift in Sources */,
				B154B1F4201D7BFE005DDC8A /* InvitesViewController.swift in Sources */,
				B1BC52CB1FE015D000BCBAE8 /* TailgateViewController.swift in Sources */,
				B13B81401FE6ECD4008F3A38 /* SchoolTableViewCell.swift in Sources */,
				B13B81421FE6F1B6008F3A38 /* School.swift in Sources */,
				B1DD1CD22039ED6600291EAE /* CreateTailgateFlairViewController.swift in Sources */,
				B13B81441FE9FB29008F3A38 /* FoodTableViewCell.swift in Sources */,
				B1E83BE61FDD890500185E17 /* User.swift in Sources */,
				B13B81331FE5F25F008F3A38 /* CreateTailgateNameViewController.swift in Sources */,
				B10E9E811FDCBA6100DB4751 /* TailgateAnnotation.swift in Sources */,
				B10E9E6D1FDCB6A200DB4751 /* LoginViewController.swift in Sources */,
				B10E9E7F1FDCB91A00DB4751 /* MapViewController.swift in Sources */,
				B1E83BDE1FDD74B400185E17 /* SignUpEmailViewController.swift in Sources */,
				B16BC4D21FEECA290087C2F1 /* Tailgate.swift in Sources */,
				B13B81391FE60829008F3A38 /* CreateTailgateFoodViewController.swift in Sources */,
				B1E83BE01FDD795000185E17 /* SignUpPasswordViewController.swift in Sources */,
				B1E83BD71FDCFBE200185E17 /* ProfileViewController.swift in Sources */,
				B1BBF2E31FEEBC98007B1ACF /* Drink.swift in Sources */,
				B10E9E6B1FDCB6A200DB4751 /* AppDelegate.swift in Sources */,
			);
			runOnlyForDeploymentPostprocessing = 0;
		};
/* End PBXSourcesBuildPhase section */

/* Begin PBXVariantGroup section */
		B10E9E6E1FDCB6A200DB4751 /* Main.storyboard */ = {
			isa = PBXVariantGroup;
			children = (
				B10E9E6F1FDCB6A200DB4751 /* Base */,
			);
			name = Main.storyboard;
			sourceTree = "<group>";
		};
		B10E9E731FDCB6A200DB4751 /* LaunchScreen.storyboard */ = {
			isa = PBXVariantGroup;
			children = (
				B10E9E741FDCB6A200DB4751 /* Base */,
			);
			name = LaunchScreen.storyboard;
			sourceTree = "<group>";
		};
/* End PBXVariantGroup section */

/* Begin XCBuildConfiguration section */
		B10E9E771FDCB6A200DB4751 /* Debug */ = {
			isa = XCBuildConfiguration;
			buildSettings = {
				ALWAYS_SEARCH_USER_PATHS = NO;
				CLANG_ANALYZER_NONNULL = YES;
				CLANG_ANALYZER_NUMBER_OBJECT_CONVERSION = YES_AGGRESSIVE;
				CLANG_CXX_LANGUAGE_STANDARD = "gnu++14";
				CLANG_CXX_LIBRARY = "libc++";
				CLANG_ENABLE_MODULES = YES;
				CLANG_ENABLE_OBJC_ARC = YES;
				CLANG_WARN_BLOCK_CAPTURE_AUTORELEASING = YES;
				CLANG_WARN_BOOL_CONVERSION = YES;
				CLANG_WARN_COMMA = YES;
				CLANG_WARN_CONSTANT_CONVERSION = YES;
				CLANG_WARN_DIRECT_OBJC_ISA_USAGE = YES_ERROR;
				CLANG_WARN_DOCUMENTATION_COMMENTS = YES;
				CLANG_WARN_EMPTY_BODY = YES;
				CLANG_WARN_ENUM_CONVERSION = YES;
				CLANG_WARN_INFINITE_RECURSION = YES;
				CLANG_WARN_INT_CONVERSION = YES;
				CLANG_WARN_NON_LITERAL_NULL_CONVERSION = YES;
				CLANG_WARN_OBJC_LITERAL_CONVERSION = YES;
				CLANG_WARN_OBJC_ROOT_CLASS = YES_ERROR;
				CLANG_WARN_RANGE_LOOP_ANALYSIS = YES;
				CLANG_WARN_STRICT_PROTOTYPES = YES;
				CLANG_WARN_SUSPICIOUS_MOVE = YES;
				CLANG_WARN_UNGUARDED_AVAILABILITY = YES_AGGRESSIVE;
				CLANG_WARN_UNREACHABLE_CODE = YES;
				CLANG_WARN__DUPLICATE_METHOD_MATCH = YES;
				CODE_SIGN_IDENTITY = "iPhone Developer";
				COPY_PHASE_STRIP = NO;
				DEBUG_INFORMATION_FORMAT = dwarf;
				ENABLE_STRICT_OBJC_MSGSEND = YES;
				ENABLE_TESTABILITY = YES;
				GCC_C_LANGUAGE_STANDARD = gnu11;
				GCC_DYNAMIC_NO_PIC = NO;
				GCC_NO_COMMON_BLOCKS = YES;
				GCC_OPTIMIZATION_LEVEL = 0;
				GCC_PREPROCESSOR_DEFINITIONS = (
					"DEBUG=1",
					"$(inherited)",
				);
				GCC_WARN_64_TO_32_BIT_CONVERSION = YES;
				GCC_WARN_ABOUT_RETURN_TYPE = YES_ERROR;
				GCC_WARN_UNDECLARED_SELECTOR = YES;
				GCC_WARN_UNINITIALIZED_AUTOS = YES_AGGRESSIVE;
				GCC_WARN_UNUSED_FUNCTION = YES;
				GCC_WARN_UNUSED_VARIABLE = YES;
				IPHONEOS_DEPLOYMENT_TARGET = 11.2;
				MTL_ENABLE_DEBUG_INFO = YES;
				ONLY_ACTIVE_ARCH = YES;
				SDKROOT = iphoneos;
				SWIFT_ACTIVE_COMPILATION_CONDITIONS = DEBUG;
				SWIFT_OPTIMIZATION_LEVEL = "-Onone";
			};
			name = Debug;
		};
		B10E9E781FDCB6A200DB4751 /* Release */ = {
			isa = XCBuildConfiguration;
			buildSettings = {
				ALWAYS_SEARCH_USER_PATHS = NO;
				CLANG_ANALYZER_NONNULL = YES;
				CLANG_ANALYZER_NUMBER_OBJECT_CONVERSION = YES_AGGRESSIVE;
				CLANG_CXX_LANGUAGE_STANDARD = "gnu++14";
				CLANG_CXX_LIBRARY = "libc++";
				CLANG_ENABLE_MODULES = YES;
				CLANG_ENABLE_OBJC_ARC = YES;
				CLANG_WARN_BLOCK_CAPTURE_AUTORELEASING = YES;
				CLANG_WARN_BOOL_CONVERSION = YES;
				CLANG_WARN_COMMA = YES;
				CLANG_WARN_CONSTANT_CONVERSION = YES;
				CLANG_WARN_DIRECT_OBJC_ISA_USAGE = YES_ERROR;
				CLANG_WARN_DOCUMENTATION_COMMENTS = YES;
				CLANG_WARN_EMPTY_BODY = YES;
				CLANG_WARN_ENUM_CONVERSION = YES;
				CLANG_WARN_INFINITE_RECURSION = YES;
				CLANG_WARN_INT_CONVERSION = YES;
				CLANG_WARN_NON_LITERAL_NULL_CONVERSION = YES;
				CLANG_WARN_OBJC_LITERAL_CONVERSION = YES;
				CLANG_WARN_OBJC_ROOT_CLASS = YES_ERROR;
				CLANG_WARN_RANGE_LOOP_ANALYSIS = YES;
				CLANG_WARN_STRICT_PROTOTYPES = YES;
				CLANG_WARN_SUSPICIOUS_MOVE = YES;
				CLANG_WARN_UNGUARDED_AVAILABILITY = YES_AGGRESSIVE;
				CLANG_WARN_UNREACHABLE_CODE = YES;
				CLANG_WARN__DUPLICATE_METHOD_MATCH = YES;
				CODE_SIGN_IDENTITY = "iPhone Developer";
				COPY_PHASE_STRIP = NO;
				DEBUG_INFORMATION_FORMAT = "dwarf-with-dsym";
				ENABLE_NS_ASSERTIONS = NO;
				ENABLE_STRICT_OBJC_MSGSEND = YES;
				GCC_C_LANGUAGE_STANDARD = gnu11;
				GCC_NO_COMMON_BLOCKS = YES;
				GCC_WARN_64_TO_32_BIT_CONVERSION = YES;
				GCC_WARN_ABOUT_RETURN_TYPE = YES_ERROR;
				GCC_WARN_UNDECLARED_SELECTOR = YES;
				GCC_WARN_UNINITIALIZED_AUTOS = YES_AGGRESSIVE;
				GCC_WARN_UNUSED_FUNCTION = YES;
				GCC_WARN_UNUSED_VARIABLE = YES;
				IPHONEOS_DEPLOYMENT_TARGET = 11.2;
				MTL_ENABLE_DEBUG_INFO = NO;
				SDKROOT = iphoneos;
				SWIFT_OPTIMIZATION_LEVEL = "-Owholemodule";
				VALIDATE_PRODUCT = YES;
			};
			name = Release;
		};
		B10E9E7A1FDCB6A200DB4751 /* Debug */ = {
			isa = XCBuildConfiguration;
			baseConfigurationReference = 3AE3B1693BC377D8745FDBA2 /* Pods-Tailgate.debug.xcconfig */;
			buildSettings = {
				ASSETCATALOG_COMPILER_APPICON_NAME = AppIcon;
				CLANG_ENABLE_MODULES = YES;
				CODE_SIGN_STYLE = Automatic;
				DEVELOPMENT_TEAM = 64B49T3B7F;
				INFOPLIST_FILE = "Tailgate/Supporting Files/Info.plist";
				LD_RUNPATH_SEARCH_PATHS = "$(inherited) @executable_path/Frameworks";
				PRODUCT_BUNDLE_IDENTIFIER = com.michaelonjack.Tailgate;
				PRODUCT_NAME = "$(TARGET_NAME)";
				SWIFT_OBJC_BRIDGING_HEADER = "";
				SWIFT_OPTIMIZATION_LEVEL = "-Onone";
				SWIFT_VERSION = 4.0;
				TARGETED_DEVICE_FAMILY = "1,2";
			};
			name = Debug;
		};
		B10E9E7B1FDCB6A200DB4751 /* Release */ = {
			isa = XCBuildConfiguration;
			baseConfigurationReference = A49879F753DFD1B6BC81285F /* Pods-Tailgate.release.xcconfig */;
			buildSettings = {
				ASSETCATALOG_COMPILER_APPICON_NAME = AppIcon;
				CLANG_ENABLE_MODULES = YES;
				CODE_SIGN_STYLE = Automatic;
				DEVELOPMENT_TEAM = 64B49T3B7F;
				INFOPLIST_FILE = "Tailgate/Supporting Files/Info.plist";
				LD_RUNPATH_SEARCH_PATHS = "$(inherited) @executable_path/Frameworks";
				PRODUCT_BUNDLE_IDENTIFIER = com.michaelonjack.Tailgate;
				PRODUCT_NAME = "$(TARGET_NAME)";
				SWIFT_OBJC_BRIDGING_HEADER = "";
				SWIFT_VERSION = 4.0;
				TARGETED_DEVICE_FAMILY = "1,2";
			};
			name = Release;
		};
/* End XCBuildConfiguration section */

/* Begin XCConfigurationList section */
		B10E9E621FDCB6A200DB4751 /* Build configuration list for PBXProject "Tailgate" */ = {
			isa = XCConfigurationList;
			buildConfigurations = (
				B10E9E771FDCB6A200DB4751 /* Debug */,
				B10E9E781FDCB6A200DB4751 /* Release */,
			);
			defaultConfigurationIsVisible = 0;
			defaultConfigurationName = Release;
		};
		B10E9E791FDCB6A200DB4751 /* Build configuration list for PBXNativeTarget "Tailgate" */ = {
			isa = XCConfigurationList;
			buildConfigurations = (
				B10E9E7A1FDCB6A200DB4751 /* Debug */,
				B10E9E7B1FDCB6A200DB4751 /* Release */,
			);
			defaultConfigurationIsVisible = 0;
			defaultConfigurationName = Release;
		};
/* End XCConfigurationList section */
	};
	rootObject = B10E9E5F1FDCB6A200DB4751 /* Project object */;
}
